<?xml version="1.0" encoding="utf-8"?>
<Project ToolsVersion="4.0" xmlns="http://schemas.microsoft.com/developer/msbuild/2003">
  <ItemGroup>
    <Filter Include="소스 파일">
      <UniqueIdentifier>{4FC737F1-C7A5-4376-A066-2A32D752A2FF}</UniqueIdentifier>
      <Extensions>cpp;c;cc;cxx;c++;cppm;ixx;def;odl;idl;hpj;bat;asm;asmx</Extensions>
    </Filter>
    <Filter Include="헤더 파일">
      <UniqueIdentifier>{93995380-89BD-4b04-88EB-625FBE52EBFB}</UniqueIdentifier>
      <Extensions>h;hh;hpp;hxx;h++;hm;inl;inc;ipp;xsd</Extensions>
    </Filter>
    <Filter Include="리소스 파일">
      <UniqueIdentifier>{67DA6AB6-F800-4c08-8B7A-83BB121AAD01}</UniqueIdentifier>
      <Extensions>rc;ico;cur;bmp;dlg;rc2;rct;bin;rgs;gif;jpg;jpeg;jpe;resx;tiff;tif;png;wav;mfcribbon-ms</Extensions>
    </Filter>
  </ItemGroup>
  <ItemGroup>
    <ClCompile Include="10869번.cpp">
      <Filter>소스 파일</Filter>
    </ClCompile>
    <ClCompile Include="10926번.cpp">
      <Filter>소스 파일</Filter>
    </ClCompile>
    <ClCompile Include="18108번.cpp">
      <Filter>소스 파일</Filter>
    </ClCompile>
    <ClCompile Include="10430번.cpp">
      <Filter>소스 파일</Filter>
    </ClCompile>
    <ClCompile Include="2588번.cpp">
      <Filter>소스 파일</Filter>
    </ClCompile>
    <ClCompile Include="11382번.cpp">
      <Filter>소스 파일</Filter>
    </ClCompile>
    <ClCompile Include="10171번.cpp">
      <Filter>소스 파일</Filter>
    </ClCompile>
    <ClCompile Include="1330번.cpp">
      <Filter>소스 파일</Filter>
    </ClCompile>
    <ClCompile Include="9498.cpp">
      <Filter>소스 파일</Filter>
    </ClCompile>
    <ClCompile Include="2753.cpp">
      <Filter>소스 파일</Filter>
    </ClCompile>
    <ClCompile Include="14681번.cpp">
      <Filter>소스 파일</Filter>
    </ClCompile>
    <ClCompile Include="2884번.cpp">
      <Filter>소스 파일</Filter>
    </ClCompile>
    <ClCompile Include="2525번.cpp">
      <Filter>소스 파일</Filter>
    </ClCompile>
    <ClCompile Include="2480번.cpp">
      <Filter>소스 파일</Filter>
    </ClCompile>
    <ClCompile Include="2739번.cpp">
      <Filter>소스 파일</Filter>
    </ClCompile>
    <ClCompile Include="main.cpp">
      <Filter>소스 파일</Filter>
    </ClCompile>
    <ClCompile Include="8393번.cpp">
      <Filter>소스 파일</Filter>
    </ClCompile>
    <ClCompile Include="25304번.cpp">
      <Filter>소스 파일</Filter>
    </ClCompile>
    <ClCompile Include="25314번.cpp">
      <Filter>소스 파일</Filter>
    </ClCompile>
    <ClCompile Include="15552번.cpp">
      <Filter>소스 파일</Filter>
    </ClCompile>
    <ClCompile Include="11021번.cpp">
      <Filter>소스 파일</Filter>
    </ClCompile>
    <ClCompile Include="11022번.cpp">
      <Filter>소스 파일</Filter>
    </ClCompile>
    <ClCompile Include="2438.cpp">
      <Filter>소스 파일</Filter>
    </ClCompile>
    <ClCompile Include="2439번.cpp">
      <Filter>소스 파일</Filter>
    </ClCompile>
    <ClCompile Include="10952번.cpp">
      <Filter>소스 파일</Filter>
    </ClCompile>
    <ClCompile Include="10951번.cpp">
      <Filter>소스 파일</Filter>
    </ClCompile>
    <ClCompile Include="10807번.cpp">
      <Filter>소스 파일</Filter>
    </ClCompile>
    <ClCompile Include="10871번.cpp">
      <Filter>소스 파일</Filter>
    </ClCompile>
    <ClCompile Include="2562번.cpp">
      <Filter>소스 파일</Filter>
    </ClCompile>
    <ClCompile Include="10810.cpp">
      <Filter>소스 파일</Filter>
    </ClCompile>
    <ClCompile Include="10813번.cpp">
      <Filter>소스 파일</Filter>
    </ClCompile>
    <ClCompile Include="10818번.cpp">
      <Filter>소스 파일</Filter>
    </ClCompile>
    <ClCompile Include="5597번.cpp">
      <Filter>소스 파일</Filter>
    </ClCompile>
    <ClCompile Include="3052번.cpp">
      <Filter>소스 파일</Filter>
    </ClCompile>
    <ClCompile Include="10811번.cpp">
      <Filter>소스 파일</Filter>
    </ClCompile>
    <ClCompile Include="1546번.cpp">
      <Filter>소스 파일</Filter>
    </ClCompile>
    <ClCompile Include="27866번.cpp">
      <Filter>소스 파일</Filter>
    </ClCompile>
    <ClCompile Include="2743번.cpp">
      <Filter>소스 파일</Filter>
    </ClCompile>
    <ClCompile Include="9086번.cpp">
      <Filter>소스 파일</Filter>
    </ClCompile>
    <ClCompile Include="11654번.cpp">
      <Filter>소스 파일</Filter>
    </ClCompile>
    <ClCompile Include="11720번.cpp">
      <Filter>소스 파일</Filter>
    </ClCompile>
    <ClCompile Include="10809번.cpp">
      <Filter>소스 파일</Filter>
    </ClCompile>
    <ClCompile Include="2675번.cpp">
      <Filter>소스 파일</Filter>
    </ClCompile>
    <ClCompile Include="1152번.cpp">
      <Filter>소스 파일</Filter>
    </ClCompile>
  </ItemGroup>
</Project>